// !$*UTF8*$!
{
	archiveVersion = 1;
	classes = {
	};
	objectVersion = 50;
	objects = {

/* Begin PBXBuildFile section */
		5321DE77246AEEE3001B2C7B /* AppDelegate.swift in Sources */ = {isa = PBXBuildFile; fileRef = 5321DE76246AEEE3001B2C7B /* AppDelegate.swift */; };
		5321DE79246AEEE3001B2C7B /* SceneDelegate.swift in Sources */ = {isa = PBXBuildFile; fileRef = 5321DE78246AEEE3001B2C7B /* SceneDelegate.swift */; };
		5321DE7B246AEEE3001B2C7B /* ViewController.swift in Sources */ = {isa = PBXBuildFile; fileRef = 5321DE7A246AEEE3001B2C7B /* ViewController.swift */; };
		5321DE7E246AEEE3001B2C7B /* Main.storyboard in Resources */ = {isa = PBXBuildFile; fileRef = 5321DE7C246AEEE3001B2C7B /* Main.storyboard */; };
		5321DE81246AEEE3001B2C7B /* Kids123.xcdatamodeld in Sources */ = {isa = PBXBuildFile; fileRef = 5321DE7F246AEEE3001B2C7B /* Kids123.xcdatamodeld */; };
		5321DE83246AEEEE001B2C7B /* Assets.xcassets in Resources */ = {isa = PBXBuildFile; fileRef = 5321DE82246AEEEE001B2C7B /* Assets.xcassets */; };
		5321DE86246AEEEE001B2C7B /* LaunchScreen.storyboard in Resources */ = {isa = PBXBuildFile; fileRef = 5321DE84246AEEEE001B2C7B /* LaunchScreen.storyboard */; };
		5321DE91246AEEEF001B2C7B /* Kids123Tests.swift in Sources */ = {isa = PBXBuildFile; fileRef = 5321DE90246AEEEF001B2C7B /* Kids123Tests.swift */; };
		5321DE9C246AEEEF001B2C7B /* Kids123UITests.swift in Sources */ = {isa = PBXBuildFile; fileRef = 5321DE9B246AEEEF001B2C7B /* Kids123UITests.swift */; };
/* End PBXBuildFile section */

/* Begin PBXContainerItemProxy section */
		5321DE8D246AEEEF001B2C7B /* PBXContainerItemProxy */ = {
			isa = PBXContainerItemProxy;
			containerPortal = 5321DE6B246AEEE3001B2C7B /* Project object */;
			proxyType = 1;
			remoteGlobalIDString = 5321DE72246AEEE3001B2C7B;
			remoteInfo = Kids123;
		};
		5321DE98246AEEEF001B2C7B /* PBXContainerItemProxy */ = {
			isa = PBXContainerItemProxy;
			containerPortal = 5321DE6B246AEEE3001B2C7B /* Project object */;
			proxyType = 1;
			remoteGlobalIDString = 5321DE72246AEEE3001B2C7B;
			remoteInfo = Kids123;
		};
/* End PBXContainerItemProxy section */

/* Begin PBXFileReference section */
		5321DE73246AEEE3001B2C7B /* Kids123.app */ = {isa = PBXFileReference; explicitFileType = wrapper.application; includeInIndex = 0; path = Kids123.app; sourceTree = BUILT_PRODUCTS_DIR; };
		5321DE76246AEEE3001B2C7B /* AppDelegate.swift */ = {isa = PBXFileReference; lastKnownFileType = sourcecode.swift; path = AppDelegate.swift; sourceTree = "<group>"; };
		5321DE78246AEEE3001B2C7B /* SceneDelegate.swift */ = {isa = PBXFileReference; lastKnownFileType = sourcecode.swift; path = SceneDelegate.swift; sourceTree = "<group>"; };
		5321DE7A246AEEE3001B2C7B /* ViewController.swift */ = {isa = PBXFileReference; lastKnownFileType = sourcecode.swift; path = ViewController.swift; sourceTree = "<group>"; };
		5321DE7D246AEEE3001B2C7B /* Base */ = {isa = PBXFileReference; lastKnownFileType = file.storyboard; name = Base; path = Base.lproj/Main.storyboard; sourceTree = "<group>"; };
		5321DE80246AEEE3001B2C7B /* Kids123.xcdatamodel */ = {isa = PBXFileReference; lastKnownFileType = wrapper.xcdatamodel; path = Kids123.xcdatamodel; sourceTree = "<group>"; };
		5321DE82246AEEEE001B2C7B /* Assets.xcassets */ = {isa = PBXFileReference; lastKnownFileType = folder.assetcatalog; path = Assets.xcassets; sourceTree = "<group>"; };
		5321DE85246AEEEE001B2C7B /* Base */ = {isa = PBXFileReference; lastKnownFileType = file.storyboard; name = Base; path = Base.lproj/LaunchScreen.storyboard; sourceTree = "<group>"; };
		5321DE87246AEEEE001B2C7B /* Info.plist */ = {isa = PBXFileReference; lastKnownFileType = text.plist.xml; path = Info.plist; sourceTree = "<group>"; };
		5321DE8C246AEEEF001B2C7B /* Kids123Tests.xctest */ = {isa = PBXFileReference; explicitFileType = wrapper.cfbundle; includeInIndex = 0; path = Kids123Tests.xctest; sourceTree = BUILT_PRODUCTS_DIR; };
		5321DE90246AEEEF001B2C7B /* Kids123Tests.swift */ = {isa = PBXFileReference; lastKnownFileType = sourcecode.swift; path = Kids123Tests.swift; sourceTree = "<group>"; };
		5321DE92246AEEEF001B2C7B /* Info.plist */ = {isa = PBXFileReference; lastKnownFileType = text.plist.xml; path = Info.plist; sourceTree = "<group>"; };
		5321DE97246AEEEF001B2C7B /* Kids123UITests.xctest */ = {isa = PBXFileReference; explicitFileType = wrapper.cfbundle; includeInIndex = 0; path = Kids123UITests.xctest; sourceTree = BUILT_PRODUCTS_DIR; };
		5321DE9B246AEEEF001B2C7B /* Kids123UITests.swift */ = {isa = PBXFileReference; lastKnownFileType = sourcecode.swift; path = Kids123UITests.swift; sourceTree = "<group>"; };
		5321DE9D246AEEEF001B2C7B /* Info.plist */ = {isa = PBXFileReference; lastKnownFileType = text.plist.xml; path = Info.plist; sourceTree = "<group>"; };
/* End PBXFileReference section */

/* Begin PBXFrameworksBuildPhase section */
		5321DE70246AEEE3001B2C7B /* Frameworks */ = {
			isa = PBXFrameworksBuildPhase;
			buildActionMask = 2147483647;
			files = (
			);
			runOnlyForDeploymentPostprocessing = 0;
		};
		5321DE89246AEEEF001B2C7B /* Frameworks */ = {
			isa = PBXFrameworksBuildPhase;
			buildActionMask = 2147483647;
			files = (
			);
			runOnlyForDeploymentPostprocessing = 0;
		};
		5321DE94246AEEEF001B2C7B /* Frameworks */ = {
			isa = PBXFrameworksBuildPhase;
			buildActionMask = 2147483647;
			files = (
			);
			runOnlyForDeploymentPostprocessing = 0;
		};
/* End PBXFrameworksBuildPhase section */

/* Begin PBXGroup section */
		5321DE6A246AEEE3001B2C7B = {
			isa = PBXGroup;
			children = (
				5321DE75246AEEE3001B2C7B /* Kids123 */,
				5321DE8F246AEEEF001B2C7B /* Kids123Tests */,
				5321DE9A246AEEEF001B2C7B /* Kids123UITests */,
				5321DE74246AEEE3001B2C7B /* Products */,
			);
			sourceTree = "<group>";
		};
		5321DE74246AEEE3001B2C7B /* Products */ = {
			isa = PBXGroup;
			children = (
				5321DE73246AEEE3001B2C7B /* Kids123.app */,
				5321DE8C246AEEEF001B2C7B /* Kids123Tests.xctest */,
				5321DE97246AEEEF001B2C7B /* Kids123UITests.xctest */,
			);
			name = Products;
			sourceTree = "<group>";
		};
		5321DE75246AEEE3001B2C7B /* Kids123 */ = {
			isa = PBXGroup;
			children = (
				5321DE76246AEEE3001B2C7B /* AppDelegate.swift */,
				5321DE78246AEEE3001B2C7B /* SceneDelegate.swift */,
				5321DE7A246AEEE3001B2C7B /* ViewController.swift */,
				5321DE7C246AEEE3001B2C7B /* Main.storyboard */,
				5321DE82246AEEEE001B2C7B /* Assets.xcassets */,
				5321DE84246AEEEE001B2C7B /* LaunchScreen.storyboard */,
				5321DE87246AEEEE001B2C7B /* Info.plist */,
				5321DE7F246AEEE3001B2C7B /* Kids123.xcdatamodeld */,
			);
			path = Kids123;
			sourceTree = "<group>";
		};
		5321DE8F246AEEEF001B2C7B /* Kids123Tests */ = {
			isa = PBXGroup;
			children = (
				5321DE90246AEEEF001B2C7B /* Kids123Tests.swift */,
				5321DE92246AEEEF001B2C7B /* Info.plist */,
			);
			path = Kids123Tests;
			sourceTree = "<group>";
		};
		5321DE9A246AEEEF001B2C7B /* Kids123UITests */ = {
			isa = PBXGroup;
			children = (
				5321DE9B246AEEEF001B2C7B /* Kids123UITests.swift */,
				5321DE9D246AEEEF001B2C7B /* Info.plist */,
			);
			path = Kids123UITests;
			sourceTree = "<group>";
		};
/* End PBXGroup section */

/* Begin PBXNativeTarget section */
		5321DE72246AEEE3001B2C7B /* Kids123 */ = {
			isa = PBXNativeTarget;
			buildConfigurationList = 5321DEA0246AEEEF001B2C7B /* Build configuration list for PBXNativeTarget "Kids123" */;
			buildPhases = (
				5321DE6F246AEEE3001B2C7B /* Sources */,
				5321DE70246AEEE3001B2C7B /* Frameworks */,
				5321DE71246AEEE3001B2C7B /* Resources */,
			);
			buildRules = (
			);
			dependencies = (
			);
			name = Kids123;
			productName = Kids123;
			productReference = 5321DE73246AEEE3001B2C7B /* Kids123.app */;
			productType = "com.apple.product-type.application";
		};
		5321DE8B246AEEEF001B2C7B /* Kids123Tests */ = {
			isa = PBXNativeTarget;
			buildConfigurationList = 5321DEA3246AEEEF001B2C7B /* Build configuration list for PBXNativeTarget "Kids123Tests" */;
			buildPhases = (
				5321DE88246AEEEF001B2C7B /* Sources */,
				5321DE89246AEEEF001B2C7B /* Frameworks */,
				5321DE8A246AEEEF001B2C7B /* Resources */,
			);
			buildRules = (
			);
			dependencies = (
				5321DE8E246AEEEF001B2C7B /* PBXTargetDependency */,
			);
			name = Kids123Tests;
			productName = Kids123Tests;
			productReference = 5321DE8C246AEEEF001B2C7B /* Kids123Tests.xctest */;
			productType = "com.apple.product-type.bundle.unit-test";
		};
		5321DE96246AEEEF001B2C7B /* Kids123UITests */ = {
			isa = PBXNativeTarget;
			buildConfigurationList = 5321DEA6246AEEEF001B2C7B /* Build configuration list for PBXNativeTarget "Kids123UITests" */;
			buildPhases = (
				5321DE93246AEEEF001B2C7B /* Sources */,
				5321DE94246AEEEF001B2C7B /* Frameworks */,
				5321DE95246AEEEF001B2C7B /* Resources */,
			);
			buildRules = (
			);
			dependencies = (
				5321DE99246AEEEF001B2C7B /* PBXTargetDependency */,
			);
			name = Kids123UITests;
			productName = Kids123UITests;
			productReference = 5321DE97246AEEEF001B2C7B /* Kids123UITests.xctest */;
			productType = "com.apple.product-type.bundle.ui-testing";
		};
/* End PBXNativeTarget section */

/* Begin PBXProject section */
		5321DE6B246AEEE3001B2C7B /* Project object */ = {
			isa = PBXProject;
			attributes = {
				LastSwiftUpdateCheck = 1140;
				LastUpgradeCheck = 1140;
				ORGANIZATIONNAME = "Denis Kozlov";
				TargetAttributes = {
					5321DE72246AEEE3001B2C7B = {
						CreatedOnToolsVersion = 11.4.1;
					};
					5321DE8B246AEEEF001B2C7B = {
						CreatedOnToolsVersion = 11.4.1;
						TestTargetID = 5321DE72246AEEE3001B2C7B;
					};
					5321DE96246AEEEF001B2C7B = {
						CreatedOnToolsVersion = 11.4.1;
						TestTargetID = 5321DE72246AEEE3001B2C7B;
					};
				};
			};
			buildConfigurationList = 5321DE6E246AEEE3001B2C7B /* Build configuration list for PBXProject "Kids123" */;
			compatibilityVersion = "Xcode 9.3";
			developmentRegion = en;
			hasScannedForEncodings = 0;
			knownRegions = (
				en,
				Base,
			);
			mainGroup = 5321DE6A246AEEE3001B2C7B;
			productRefGroup = 5321DE74246AEEE3001B2C7B /* Products */;
			projectDirPath = "";
			projectRoot = "";
			targets = (
				5321DE72246AEEE3001B2C7B /* Kids123 */,
				5321DE8B246AEEEF001B2C7B /* Kids123Tests */,
				5321DE96246AEEEF001B2C7B /* Kids123UITests */,
			);
		};
/* End PBXProject section */

/* Begin PBXResourcesBuildPhase section */
		5321DE71246AEEE3001B2C7B /* Resources */ = {
			isa = PBXResourcesBuildPhase;
			buildActionMask = 2147483647;
			files = (
				5321DE86246AEEEE001B2C7B /* LaunchScreen.storyboard in Resources */,
				5321DE83246AEEEE001B2C7B /* Assets.xcassets in Resources */,
				5321DE7E246AEEE3001B2C7B /* Main.storyboard in Resources */,
			);
			runOnlyForDeploymentPostprocessing = 0;
		};
		5321DE8A246AEEEF001B2C7B /* Resources */ = {
			isa = PBXResourcesBuildPhase;
			buildActionMask = 2147483647;
			files = (
			);
			runOnlyForDeploymentPostprocessing = 0;
		};
		5321DE95246AEEEF001B2C7B /* Resources */ = {
			isa = PBXResourcesBuildPhase;
			buildActionMask = 2147483647;
			files = (
			);
			runOnlyForDeploymentPostprocessing = 0;
		};
/* End PBXResourcesBuildPhase section */

/* Begin PBXSourcesBuildPhase section */
		5321DE6F246AEEE3001B2C7B /* Sources */ = {
			isa = PBXSourcesBuildPhase;
			buildActionMask = 2147483647;
			files = (
				5321DE7B246AEEE3001B2C7B /* ViewController.swift in Sources */,
				5321DE81246AEEE3001B2C7B /* Kids123.xcdatamodeld in Sources */,
				5321DE77246AEEE3001B2C7B /* AppDelegate.swift in Sources */,
				5321DE79246AEEE3001B2C7B /* SceneDelegate.swift in Sources */,
			);
			runOnlyForDeploymentPostprocessing = 0;
		};
		5321DE88246AEEEF001B2C7B /* Sources */ = {
			isa = PBXSourcesBuildPhase;
			buildActionMask = 2147483647;
			files = (
				5321DE91246AEEEF001B2C7B /* Kids123Tests.swift in Sources */,
			);
			runOnlyForDeploymentPostprocessing = 0;
		};
		5321DE93246AEEEF001B2C7B /* Sources */ = {
			isa = PBXSourcesBuildPhase;
			buildActionMask = 2147483647;
			files = (
				5321DE9C246AEEEF001B2C7B /* Kids123UITests.swift in Sources */,
			);
			runOnlyForDeploymentPostprocessing = 0;
		};
/* End PBXSourcesBuildPhase section */

/* Begin PBXTargetDependency section */
		5321DE8E246AEEEF001B2C7B /* PBXTargetDependency */ = {
			isa = PBXTargetDependency;
			target = 5321DE72246AEEE3001B2C7B /* Kids123 */;
			targetProxy = 5321DE8D246AEEEF001B2C7B /* PBXContainerItemProxy */;
		};
		5321DE99246AEEEF001B2C7B /* PBXTargetDependency */ = {
			isa = PBXTargetDependency;
			target = 5321DE72246AEEE3001B2C7B /* Kids123 */;
			targetProxy = 5321DE98246AEEEF001B2C7B /* PBXContainerItemProxy */;
		};
/* End PBXTargetDependency section */

/* Begin PBXVariantGroup section */
		5321DE7C246AEEE3001B2C7B /* Main.storyboard */ = {
			isa = PBXVariantGroup;
			children = (
				5321DE7D246AEEE3001B2C7B /* Base */,
			);
			name = Main.storyboard;
			sourceTree = "<group>";
		};
		5321DE84246AEEEE001B2C7B /* LaunchScreen.storyboard */ = {
			isa = PBXVariantGroup;
			children = (
				5321DE85246AEEEE001B2C7B /* Base */,
			);
			name = LaunchScreen.storyboard;
			sourceTree = "<group>";
		};
/* End PBXVariantGroup section */

/* Begin XCBuildConfiguration section */
		5321DE9E246AEEEF001B2C7B /* Debug */ = {
			isa = XCBuildConfiguration;
			buildSettings = {
				ALWAYS_SEARCH_USER_PATHS = NO;
				CLANG_ANALYZER_NONNULL = YES;
				CLANG_ANALYZER_NUMBER_OBJECT_CONVERSION = YES_AGGRESSIVE;
				CLANG_CXX_LANGUAGE_STANDARD = "gnu++14";
				CLANG_CXX_LIBRARY = "libc++";
				CLANG_ENABLE_MODULES = YES;
				CLANG_ENABLE_OBJC_ARC = YES;
				CLANG_ENABLE_OBJC_WEAK = YES;
				CLANG_WARN_BLOCK_CAPTURE_AUTORELEASING = YES;
				CLANG_WARN_BOOL_CONVERSION = YES;
				CLANG_WARN_COMMA = YES;
				CLANG_WARN_CONSTANT_CONVERSION = YES;
				CLANG_WARN_DEPRECATED_OBJC_IMPLEMENTATIONS = YES;
				CLANG_WARN_DIRECT_OBJC_ISA_USAGE = YES_ERROR;
				CLANG_WARN_DOCUMENTATION_COMMENTS = YES;
				CLANG_WARN_EMPTY_BODY = YES;
				CLANG_WARN_ENUM_CONVERSION = YES;
				CLANG_WARN_INFINITE_RECURSION = YES;
				CLANG_WARN_INT_CONVERSION = YES;
				CLANG_WARN_NON_LITERAL_NULL_CONVERSION = YES;
				CLANG_WARN_OBJC_IMPLICIT_RETAIN_SELF = YES;
				CLANG_WARN_OBJC_LITERAL_CONVERSION = YES;
				CLANG_WARN_OBJC_ROOT_CLASS = YES_ERROR;
				CLANG_WARN_RANGE_LOOP_ANALYSIS = YES;
				CLANG_WARN_STRICT_PROTOTYPES = YES;
				CLANG_WARN_SUSPICIOUS_MOVE = YES;
				CLANG_WARN_UNGUARDED_AVAILABILITY = YES_AGGRESSIVE;
				CLANG_WARN_UNREACHABLE_CODE = YES;
				CLANG_WARN__DUPLICATE_METHOD_MATCH = YES;
				COPY_PHASE_STRIP = NO;
				DEBUG_INFORMATION_FORMAT = dwarf;
				ENABLE_STRICT_OBJC_MSGSEND = YES;
				ENABLE_TESTABILITY = YES;
				GCC_C_LANGUAGE_STANDARD = gnu11;
				GCC_DYNAMIC_NO_PIC = NO;
				GCC_NO_COMMON_BLOCKS = YES;
				GCC_OPTIMIZATION_LEVEL = 0;
				GCC_PREPROCESSOR_DEFINITIONS = (
					"DEBUG=1",
					"$(inherited)",
				);
				GCC_WARN_64_TO_32_BIT_CONVERSION = YES;
				GCC_WARN_ABOUT_RETURN_TYPE = YES_ERROR;
				GCC_WARN_UNDECLARED_SELECTOR = YES;
				GCC_WARN_UNINITIALIZED_AUTOS = YES_AGGRESSIVE;
				GCC_WARN_UNUSED_FUNCTION = YES;
				GCC_WARN_UNUSED_VARIABLE = YES;
				IPHONEOS_DEPLOYMENT_TARGET = 13.4;
				MTL_ENABLE_DEBUG_INFO = INCLUDE_SOURCE;
				MTL_FAST_MATH = YES;
				ONLY_ACTIVE_ARCH = YES;
				SDKROOT = iphoneos;
				SWIFT_ACTIVE_COMPILATION_CONDITIONS = DEBUG;
				SWIFT_OPTIMIZATION_LEVEL = "-Onone";
			};
			name = Debug;
		};
		5321DE9F246AEEEF001B2C7B /* Release */ = {
			isa = XCBuildConfiguration;
			buildSettings = {
				ALWAYS_SEARCH_USER_PATHS = NO;
				CLANG_ANALYZER_NONNULL = YES;
				CLANG_ANALYZER_NUMBER_OBJECT_CONVERSION = YES_AGGRESSIVE;
				CLANG_CXX_LANGUAGE_STANDARD = "gnu++14";
				CLANG_CXX_LIBRARY = "libc++";
				CLANG_ENABLE_MODULES = YES;
				CLANG_ENABLE_OBJC_ARC = YES;
				CLANG_ENABLE_OBJC_WEAK = YES;
				CLANG_WARN_BLOCK_CAPTURE_AUTORELEASING = YES;
				CLANG_WARN_BOOL_CONVERSION = YES;
				CLANG_WARN_COMMA = YES;
				CLANG_WARN_CONSTANT_CONVERSION = YES;
				CLANG_WARN_DEPRECATED_OBJC_IMPLEMENTATIONS = YES;
				CLANG_WARN_DIRECT_OBJC_ISA_USAGE = YES_ERROR;
				CLANG_WARN_DOCUMENTATION_COMMENTS = YES;
				CLANG_WARN_EMPTY_BODY = YES;
				CLANG_WARN_ENUM_CONVERSION = YES;
				CLANG_WARN_INFINITE_RECURSION = YES;
				CLANG_WARN_INT_CONVERSION = YES;
				CLANG_WARN_NON_LITERAL_NULL_CONVERSION = YES;
				CLANG_WARN_OBJC_IMPLICIT_RETAIN_SELF = YES;
				CLANG_WARN_OBJC_LITERAL_CONVERSION = YES;
				CLANG_WARN_OBJC_ROOT_CLASS = YES_ERROR;
				CLANG_WARN_RANGE_LOOP_ANALYSIS = YES;
				CLANG_WARN_STRICT_PROTOTYPES = YES;
				CLANG_WARN_SUSPICIOUS_MOVE = YES;
				CLANG_WARN_UNGUARDED_AVAILABILITY = YES_AGGRESSIVE;
				CLANG_WARN_UNREACHABLE_CODE = YES;
				CLANG_WARN__DUPLICATE_METHOD_MATCH = YES;
				COPY_PHASE_STRIP = NO;
				DEBUG_INFORMATION_FORMAT = "dwarf-with-dsym";
				ENABLE_NS_ASSERTIONS = NO;
				ENABLE_STRICT_OBJC_MSGSEND = YES;
				GCC_C_LANGUAGE_STANDARD = gnu11;
				GCC_NO_COMMON_BLOCKS = YES;
				GCC_WARN_64_TO_32_BIT_CONVERSION = YES;
				GCC_WARN_ABOUT_RETURN_TYPE = YES_ERROR;
				GCC_WARN_UNDECLARED_SELECTOR = YES;
				GCC_WARN_UNINITIALIZED_AUTOS = YES_AGGRESSIVE;
				GCC_WARN_UNUSED_FUNCTION = YES;
				GCC_WARN_UNUSED_VARIABLE = YES;
				IPHONEOS_DEPLOYMENT_TARGET = 13.4;
				MTL_ENABLE_DEBUG_INFO = NO;
				MTL_FAST_MATH = YES;
				SDKROOT = iphoneos;
				SWIFT_COMPILATION_MODE = wholemodule;
				SWIFT_OPTIMIZATION_LEVEL = "-O";
				VALIDATE_PRODUCT = YES;
			};
			name = Release;
		};
		5321DEA1246AEEEF001B2C7B /* Debug */ = {
			isa = XCBuildConfiguration;
			buildSettings = {
				ASSETCATALOG_COMPILER_APPICON_NAME = AppIcon;
				CODE_SIGN_STYLE = Automatic;
				DEVELOPMENT_TEAM = MVJ86Q9VWR;
				INFOPLIST_FILE = Kids123/Info.plist;
				LD_RUNPATH_SEARCH_PATHS = (
					"$(inherited)",
					"@executable_path/Frameworks",
				);
				PRODUCT_BUNDLE_IDENTIFIER = SLON.Kids123;
				PRODUCT_NAME = "$(TARGET_NAME)";
				SWIFT_VERSION = 5.0;
				TARGETED_DEVICE_FAMILY = "1,2";
			};
			name = Debug;
		};
		5321DEA2246AEEEF001B2C7B /* Release */ = {
			isa = XCBuildConfiguration;
			buildSettings = {
				ASSETCATALOG_COMPILER_APPICON_NAME = AppIcon;
				CODE_SIGN_STYLE = Automatic;
				DEVELOPMENT_TEAM = MVJ86Q9VWR;
				INFOPLIST_FILE = Kids123/Info.plist;
				LD_RUNPATH_SEARCH_PATHS = (
					"$(inherited)",
					"@executable_path/Frameworks",
				);
				PRODUCT_BUNDLE_IDENTIFIER = SLON.Kids123;
				PRODUCT_NAME = "$(TARGET_NAME)";
				SWIFT_VERSION = 5.0;
				TARGETED_DEVICE_FAMILY = "1,2";
			};
			name = Release;
		};
		5321DEA4246AEEEF001B2C7B /* Debug */ = {
			isa = XCBuildConfiguration;
			buildSettings = {
				ALWAYS_EMBED_SWIFT_STANDARD_LIBRARIES = YES;
				BUNDLE_LOADER = "$(TEST_HOST)";
				CODE_SIGN_STYLE = Automatic;
				DEVELOPMENT_TEAM = MVJ86Q9VWR;
				INFOPLIST_FILE = Kids123Tests/Info.plist;
				IPHONEOS_DEPLOYMENT_TARGET = 13.4;
				LD_RUNPATH_SEARCH_PATHS = (
					"$(inherited)",
					"@executable_path/Frameworks",
					"@loader_path/Frameworks",
				);
				PRODUCT_BUNDLE_IDENTIFIER = SLON.Kids123Tests;
				PRODUCT_NAME = "$(TARGET_NAME)";
				SWIFT_VERSION = 5.0;
				TARGETED_DEVICE_FAMILY = "1,2";
				TEST_HOST = "$(BUILT_PRODUCTS_DIR)/Kids123.app/Kids123";
			};
			name = Debug;
		};
		5321DEA5246AEEEF001B2C7B /* Release */ = {
			isa = XCBuildConfiguration;
			buildSettings = {
				ALWAYS_EMBED_SWIFT_STANDARD_LIBRARIES = YES;
				BUNDLE_LOADER = "$(TEST_HOST)";
				CODE_SIGN_STYLE = Automatic;
				DEVELOPMENT_TEAM = MVJ86Q9VWR;
				INFOPLIST_FILE = Kids123Tests/Info.plist;
				IPHONEOS_DEPLOYMENT_TARGET = 13.4;
				LD_RUNPATH_SEARCH_PATHS = (
					"$(inherited)",
					"@executable_path/Frameworks",
					"@loader_path/Frameworks",
				);
				PRODUCT_BUNDLE_IDENTIFIER = SLON.Kids123Tests;
				PRODUCT_NAME = "$(TARGET_NAME)";
				SWIFT_VERSION = 5.0;
				TARGETED_DEVICE_FAMILY = "1,2";
				TEST_HOST = "$(BUILT_PRODUCTS_DIR)/Kids123.app/Kids123";
			};
			name = Release;
		};
		5321DEA7246AEEEF001B2C7B /* Debug */ = {
			isa = XCBuildConfiguration;
			buildSettings = {
				ALWAYS_EMBED_SWIFT_STANDARD_LIBRARIES = YES;
				CODE_SIGN_STYLE = Automatic;
				DEVELOPMENT_TEAM = MVJ86Q9VWR;
				INFOPLIST_FILE = Kids123UITests/Info.plist;
				LD_RUNPATH_SEARCH_PATHS = (
					"$(inherited)",
					"@executable_path/Frameworks",
					"@loader_path/Frameworks",
				);
				PRODUCT_BUNDLE_IDENTIFIER = SLON.Kids123UITests;
				PRODUCT_NAME = "$(TARGET_NAME)";
				SWIFT_VERSION = 5.0;
				TARGETED_DEVICE_FAMILY = "1,2";
				TEST_TARGET_NAME = Kids123;
			};
			name = Debug;
		};
		5321DEA8246AEEEF001B2C7B /* Release */ = {
			isa = XCBuildConfiguration;
			buildSettings = {
				ALWAYS_EMBED_SWIFT_STANDARD_LIBRARIES = YES;
				CODE_SIGN_STYLE = Automatic;
				DEVELOPMENT_TEAM = MVJ86Q9VWR;
				INFOPLIST_FILE = Kids123UITests/Info.plist;
				LD_RUNPATH_SEARCH_PATHS = (
					"$(inherited)",
					"@executable_path/Frameworks",
					"@loader_path/Frameworks",
				);
				PRODUCT_BUNDLE_IDENTIFIER = SLON.Kids123UITests;
				PRODUCT_NAME = "$(TARGET_NAME)";
				SWIFT_VERSION = 5.0;
				TARGETED_DEVICE_FAMILY = "1,2";
				TEST_TARGET_NAME = Kids123;
			};
			name = Release;
		};
/* End XCBuildConfiguration section */

/* Begin XCConfigurationList section */
		5321DE6E246AEEE3001B2C7B /* Build configuration list for PBXProject "Kids123" */ = {
			isa = XCConfigurationList;
			buildConfigurations = (
				5321DE9E246AEEEF001B2C7B /* Debug */,
				5321DE9F246AEEEF001B2C7B /* Release */,
			);
			defaultConfigurationIsVisible = 0;
			defaultConfigurationName = Release;
		};
		5321DEA0246AEEEF001B2C7B /* Build configuration list for PBXNativeTarget "Kids123" */ = {
			isa = XCConfigurationList;
			buildConfigurations = (
				5321DEA1246AEEEF001B2C7B /* Debug */,
				5321DEA2246AEEEF001B2C7B /* Release */,
			);
			defaultConfigurationIsVisible = 0;
			defaultConfigurationName = Release;
		};
		5321DEA3246AEEEF001B2C7B /* Build configuration list for PBXNativeTarget "Kids123Tests" */ = {
			isa = XCConfigurationList;
			buildConfigurations = (
				5321DEA4246AEEEF001B2C7B /* Debug */,
				5321DEA5246AEEEF001B2C7B /* Release */,
			);
			defaultConfigurationIsVisible = 0;
			defaultConfigurationName = Release;
		};
		5321DEA6246AEEEF001B2C7B /* Build configuration list for PBXNativeTarget "Kids123UITests" */ = {
			isa = XCConfigurationList;
			buildConfigurations = (
				5321DEA7246AEEEF001B2C7B /* Debug */,
				5321DEA8246AEEEF001B2C7B /* Release */,
			);
			defaultConfigurationIsVisible = 0;
			defaultConfigurationName = Release;
		};
/* End XCConfigurationList section */

/* Begin XCVersionGroup section */
		5321DE7F246AEEE3001B2C7B /* Kids123.xcdatamodeld */ = {
			isa = XCVersionGroup;
			children = (
				5321DE80246AEEE3001B2C7B /* Kids123.xcdatamodel */,
			);
			currentVersion = 5321DE80246AEEE3001B2C7B /* Kids123.xcdatamodel */;
			path = Kids123.xcdatamodeld;
			sourceTree = "<group>";
			versionGroupType = wrapper.xcdatamodel;
		};
/* End XCVersionGroup section */
	};
	rootObject = 5321DE6B246AEEE3001B2C7B /* Project object */;
}
